{
  "name": "rats_den",
  "lockfileVersion": 3,
  "requires": true,
  "packages": {
    "": {
      "dependencies": {
        "brusher": "^0.1.4"
      }
    },
    "node_modules/brusher": {
      "version": "0.1.4",
      "resolved": "https://registry.npmjs.org/brusher/-/brusher-0.1.4.tgz",
      "integrity": "sha512-Xy08M5MpFp1ML+uCud/wax6oV4P7J+o76A6B9Vp6RCZqHipsJzh4AjY4wKsa4Oqab6gEncx3660hIE4cRCm+LA=="
    }
  }
}
